
Microsoft Visual Studio Solution File, Format Version 12.00
# Visual Studio Version 16
VisualStudioVersion = 16.0.29503.13
MinimumVisualStudioVersion = 10.0.40219.1
Project("{FAE04EC0-301F-11D3-BF4B-00C04F79EFBC}") = "DataStructure", "DataStructure.csproj", "{96A2A7D1-F044-4348-99C7-C6DAFB396721}"
EndProject
Global
	GlobalSection(SolutionConfigurationPlatforms) = preSolution
		Debug|Any CPU = Debug|Any CPU
		Release|Any CPU = Release|Any CPU
	EndGlobalSection
	GlobalSection(ProjectConfigurationPlatforms) = postSolution
		{96A2A7D1-F044-4348-99C7-C6DAFB396721}.Debug|Any CPU.ActiveCfg = Debug|Any CPU
		{96A2A7D1-F044-4348-99C7-C6DAFB396721}.Debug|Any CPU.Build.0 = Debug|Any CPU
		{96A2A7D1-F044-4348-99C7-C6DAFB396721}.Release|Any CPU.ActiveCfg = Release|Any CPU
		{96A2A7D1-F044-4348-99C7-C6DAFB396721}.Release|Any CPU.Build.0 = Release|Any CPU
	EndGlobalSection
	GlobalSection(SolutionProperties) = preSolution
		HideSolutionNode = FALSE
	EndGlobalSection
	GlobalSection(ExtensibilityGlobals) = postSolution
		SolutionGuid = {55B5FFBD-19AE-47B9-8AB7-4CEACD02B184}
	EndGlobalSection
EndGlobal
